
Microsoft Visual Studio Solution File, Format Version 12.00
# Visual Studio Version 17
VisualStudioVersion = 17.0.31903.59
MinimumVisualStudioVersion = 10.0.40219.1
Project("{2150E333-8FDC-42A3-9474-1A3956D46DE8}") = ".project", ".project", "{F599513D-302D-4983-B243-4EBB3AF4DA5B}"
	ProjectSection(SolutionItems) = preProject
		.editorconfig = .editorconfig
		.gitignore = .gitignore
		LICENSE = LICENSE
		README.md = README.md
	EndProjectSection
EndProject
Project("{2150E333-8FDC-42A3-9474-1A3956D46DE8}") = "src", "src", "{02EA681E-C7D8-13C7-8484-4AC65E1B71E8}"
EndProject
Project("{FAE04EC0-301F-11D3-BF4B-00C04F79EFBC}") = "Command.Api", "src\Command.Api\Command.Api.csproj", "{2F1FA5CC-0C26-D9B0-E30A-FF030CF548E7}"
EndProject
Project("{FAE04EC0-301F-11D3-BF4B-00C04F79EFBC}") = "Query.Api", "src\Query.Api\Query.Api.csproj", "{8FC48E6D-96A3-4EC6-8B74-E026A895B25E}"
EndProject
Project("{2150E333-8FDC-42A3-9474-1A3956D46DE8}") = "Core", "Core", "{2FA704AF-AA9A-4CBE-AC33-637CEC020B30}"
EndProject
Project("{FAE04EC0-301F-11D3-BF4B-00C04F79EFBC}") = "Domain", "src\Domain\Domain.csproj", "{6558B9B7-6AE6-4920-BEFE-95E883216E99}"
EndProject
Project("{FAE04EC0-301F-11D3-BF4B-00C04F79EFBC}") = "Application", "src\Application\Application.csproj", "{0903725C-CB39-4A10-8E5C-3A8018D9EEB2}"
EndProject
Project("{2150E333-8FDC-42A3-9474-1A3956D46DE8}") = "External", "External", "{90F737A5-D927-4EB4-88B7-C58057DCC43D}"
EndProject
Project("{FAE04EC0-301F-11D3-BF4B-00C04F79EFBC}") = "Infrastructure", "src\Infrastructure\Infrastructure.csproj", "{3CE9E3B9-1388-414B-8D00-0840C4FF7364}"
EndProject
Project("{2150E333-8FDC-42A3-9474-1A3956D46DE8}") = "tests", "tests", "{C3A961FD-56CC-4BCB-A5FA-DA11C3CDDD42}"
EndProject
Project("{FAE04EC0-301F-11D3-BF4B-00C04F79EFBC}") = "ArchitectureTests", "tests\ArchitectureTests\ArchitectureTests.csproj", "{2C10DCD2-BED0-4BDA-992A-0EE2E7FDEC07}"
EndProject
Project("{FAE04EC0-301F-11D3-BF4B-00C04F79EFBC}") = "FunctionalTests", "tests\FunctionalTests\FunctionalTests.csproj", "{896D6101-A4F0-48C7-9B9A-4F35D589A479}"
EndProject
Project("{FAE04EC0-301F-11D3-BF4B-00C04F79EFBC}") = "IntegrationTests", "tests\IntegrationTests\IntegrationTests.csproj", "{5593BEC1-3391-4921-B2B2-2F47A7D9DA23}"
EndProject
Project("{FAE04EC0-301F-11D3-BF4B-00C04F79EFBC}") = "UnitTests", "tests\UnitTests\UnitTests.csproj", "{8246FE5A-D896-475A-A71F-D8A9B9DC2637}"
EndProject
Project("{E53339B2-1760-4266-BCC7-CA923CBCF16C}") = "docker-compose", "docker-compose.dcproj", "{81DDED9D-158B-E303-5F62-77A2896D2A5A}"
EndProject
Project("{2150E333-8FDC-42A3-9474-1A3956D46DE8}") = ".docker", ".docker", "{17EDB238-AE54-47F1-BF3B-0FD02487937B}"
EndProject
Project("{FAE04EC0-301F-11D3-BF4B-00C04F79EFBC}") = "Starter.AppHost", "src\Starter.AppHost\Starter.AppHost.csproj", "{54D7692E-46E8-4C4B-8B57-1A8A83F36E1C}"
EndProject
Project("{FAE04EC0-301F-11D3-BF4B-00C04F79EFBC}") = "Starter.ServiceDefaults", "src\Starter.ServiceDefaults\Starter.ServiceDefaults.csproj", "{CBB3FB19-8004-81AB-4497-9C344AC37161}"
EndProject
Project("{2150E333-8FDC-42A3-9474-1A3956D46DE8}") = ".aspire", ".aspire", "{99328D99-18D9-4F54-9E3A-FEE304B7CE41}"
EndProject
Global
	GlobalSection(SolutionConfigurationPlatforms) = preSolution
		Debug|Any CPU = Debug|Any CPU
		Release|Any CPU = Release|Any CPU
	EndGlobalSection
	GlobalSection(ProjectConfigurationPlatforms) = postSolution
		{2F1FA5CC-0C26-D9B0-E30A-FF030CF548E7}.Debug|Any CPU.ActiveCfg = Debug|Any CPU
		{2F1FA5CC-0C26-D9B0-E30A-FF030CF548E7}.Debug|Any CPU.Build.0 = Debug|Any CPU
		{2F1FA5CC-0C26-D9B0-E30A-FF030CF548E7}.Release|Any CPU.ActiveCfg = Release|Any CPU
		{2F1FA5CC-0C26-D9B0-E30A-FF030CF548E7}.Release|Any CPU.Build.0 = Release|Any CPU
		{8FC48E6D-96A3-4EC6-8B74-E026A895B25E}.Debug|Any CPU.ActiveCfg = Debug|Any CPU
		{8FC48E6D-96A3-4EC6-8B74-E026A895B25E}.Debug|Any CPU.Build.0 = Debug|Any CPU
		{8FC48E6D-96A3-4EC6-8B74-E026A895B25E}.Release|Any CPU.ActiveCfg = Release|Any CPU
		{8FC48E6D-96A3-4EC6-8B74-E026A895B25E}.Release|Any CPU.Build.0 = Release|Any CPU
		{6558B9B7-6AE6-4920-BEFE-95E883216E99}.Debug|Any CPU.ActiveCfg = Debug|Any CPU
		{6558B9B7-6AE6-4920-BEFE-95E883216E99}.Debug|Any CPU.Build.0 = Debug|Any CPU
		{6558B9B7-6AE6-4920-BEFE-95E883216E99}.Release|Any CPU.ActiveCfg = Release|Any CPU
		{6558B9B7-6AE6-4920-BEFE-95E883216E99}.Release|Any CPU.Build.0 = Release|Any CPU
		{0903725C-CB39-4A10-8E5C-3A8018D9EEB2}.Debug|Any CPU.ActiveCfg = Debug|Any CPU
		{0903725C-CB39-4A10-8E5C-3A8018D9EEB2}.Debug|Any CPU.Build.0 = Debug|Any CPU
		{0903725C-CB39-4A10-8E5C-3A8018D9EEB2}.Release|Any CPU.ActiveCfg = Release|Any CPU
		{0903725C-CB39-4A10-8E5C-3A8018D9EEB2}.Release|Any CPU.Build.0 = Release|Any CPU
		{3CE9E3B9-1388-414B-8D00-0840C4FF7364}.Debug|Any CPU.ActiveCfg = Debug|Any CPU
		{3CE9E3B9-1388-414B-8D00-0840C4FF7364}.Debug|Any CPU.Build.0 = Debug|Any CPU
		{3CE9E3B9-1388-414B-8D00-0840C4FF7364}.Release|Any CPU.ActiveCfg = Release|Any CPU
		{3CE9E3B9-1388-414B-8D00-0840C4FF7364}.Release|Any CPU.Build.0 = Release|Any CPU
		{2C10DCD2-BED0-4BDA-992A-0EE2E7FDEC07}.Debug|Any CPU.ActiveCfg = Debug|Any CPU
		{2C10DCD2-BED0-4BDA-992A-0EE2E7FDEC07}.Debug|Any CPU.Build.0 = Debug|Any CPU
		{2C10DCD2-BED0-4BDA-992A-0EE2E7FDEC07}.Release|Any CPU.ActiveCfg = Release|Any CPU
		{2C10DCD2-BED0-4BDA-992A-0EE2E7FDEC07}.Release|Any CPU.Build.0 = Release|Any CPU
		{896D6101-A4F0-48C7-9B9A-4F35D589A479}.Debug|Any CPU.ActiveCfg = Debug|Any CPU
		{896D6101-A4F0-48C7-9B9A-4F35D589A479}.Debug|Any CPU.Build.0 = Debug|Any CPU
		{896D6101-A4F0-48C7-9B9A-4F35D589A479}.Release|Any CPU.ActiveCfg = Release|Any CPU
		{896D6101-A4F0-48C7-9B9A-4F35D589A479}.Release|Any CPU.Build.0 = Release|Any CPU
		{5593BEC1-3391-4921-B2B2-2F47A7D9DA23}.Debug|Any CPU.ActiveCfg = Debug|Any CPU
		{5593BEC1-3391-4921-B2B2-2F47A7D9DA23}.Debug|Any CPU.Build.0 = Debug|Any CPU
		{5593BEC1-3391-4921-B2B2-2F47A7D9DA23}.Release|Any CPU.ActiveCfg = Release|Any CPU
		{5593BEC1-3391-4921-B2B2-2F47A7D9DA23}.Release|Any CPU.Build.0 = Release|Any CPU
		{8246FE5A-D896-475A-A71F-D8A9B9DC2637}.Debug|Any CPU.ActiveCfg = Debug|Any CPU
		{8246FE5A-D896-475A-A71F-D8A9B9DC2637}.Debug|Any CPU.Build.0 = Debug|Any CPU
		{8246FE5A-D896-475A-A71F-D8A9B9DC2637}.Release|Any CPU.ActiveCfg = Release|Any CPU
		{8246FE5A-D896-475A-A71F-D8A9B9DC2637}.Release|Any CPU.Build.0 = Release|Any CPU
		{81DDED9D-158B-E303-5F62-77A2896D2A5A}.Debug|Any CPU.ActiveCfg = Debug|Any CPU
		{81DDED9D-158B-E303-5F62-77A2896D2A5A}.Debug|Any CPU.Build.0 = Debug|Any CPU
		{81DDED9D-158B-E303-5F62-77A2896D2A5A}.Release|Any CPU.ActiveCfg = Release|Any CPU
		{81DDED9D-158B-E303-5F62-77A2896D2A5A}.Release|Any CPU.Build.0 = Release|Any CPU
		{54D7692E-46E8-4C4B-8B57-1A8A83F36E1C}.Debug|Any CPU.ActiveCfg = Debug|Any CPU
		{54D7692E-46E8-4C4B-8B57-1A8A83F36E1C}.Debug|Any CPU.Build.0 = Debug|Any CPU
		{54D7692E-46E8-4C4B-8B57-1A8A83F36E1C}.Release|Any CPU.ActiveCfg = Release|Any CPU
		{54D7692E-46E8-4C4B-8B57-1A8A83F36E1C}.Release|Any CPU.Build.0 = Release|Any CPU
		{CBB3FB19-8004-81AB-4497-9C344AC37161}.Debug|Any CPU.ActiveCfg = Debug|Any CPU
		{CBB3FB19-8004-81AB-4497-9C344AC37161}.Debug|Any CPU.Build.0 = Debug|Any CPU
		{CBB3FB19-8004-81AB-4497-9C344AC37161}.Release|Any CPU.ActiveCfg = Release|Any CPU
		{CBB3FB19-8004-81AB-4497-9C344AC37161}.Release|Any CPU.Build.0 = Release|Any CPU
	EndGlobalSection
	GlobalSection(SolutionProperties) = preSolution
		HideSolutionNode = FALSE
	EndGlobalSection
	GlobalSection(NestedProjects) = preSolution
		{2F1FA5CC-0C26-D9B0-E30A-FF030CF548E7} = {02EA681E-C7D8-13C7-8484-4AC65E1B71E8}
		{8FC48E6D-96A3-4EC6-8B74-E026A895B25E} = {02EA681E-C7D8-13C7-8484-4AC65E1B71E8}
		{2FA704AF-AA9A-4CBE-AC33-637CEC020B30} = {02EA681E-C7D8-13C7-8484-4AC65E1B71E8}
		{6558B9B7-6AE6-4920-BEFE-95E883216E99} = {2FA704AF-AA9A-4CBE-AC33-637CEC020B30}
		{0903725C-CB39-4A10-8E5C-3A8018D9EEB2} = {2FA704AF-AA9A-4CBE-AC33-637CEC020B30}
		{90F737A5-D927-4EB4-88B7-C58057DCC43D} = {02EA681E-C7D8-13C7-8484-4AC65E1B71E8}
		{3CE9E3B9-1388-414B-8D00-0840C4FF7364} = {90F737A5-D927-4EB4-88B7-C58057DCC43D}
		{2C10DCD2-BED0-4BDA-992A-0EE2E7FDEC07} = {C3A961FD-56CC-4BCB-A5FA-DA11C3CDDD42}
		{896D6101-A4F0-48C7-9B9A-4F35D589A479} = {C3A961FD-56CC-4BCB-A5FA-DA11C3CDDD42}
		{5593BEC1-3391-4921-B2B2-2F47A7D9DA23} = {C3A961FD-56CC-4BCB-A5FA-DA11C3CDDD42}
		{8246FE5A-D896-475A-A71F-D8A9B9DC2637} = {C3A961FD-56CC-4BCB-A5FA-DA11C3CDDD42}
		{81DDED9D-158B-E303-5F62-77A2896D2A5A} = {17EDB238-AE54-47F1-BF3B-0FD02487937B}
		{54D7692E-46E8-4C4B-8B57-1A8A83F36E1C} = {99328D99-18D9-4F54-9E3A-FEE304B7CE41}
		{CBB3FB19-8004-81AB-4497-9C344AC37161} = {99328D99-18D9-4F54-9E3A-FEE304B7CE41}
	EndGlobalSection
	GlobalSection(ExtensibilityGlobals) = postSolution
		SolutionGuid = {3E5D458F-3E4B-47AF-A1DE-D3BAA82C73E7}
	EndGlobalSection
EndGlobal
